
Microsoft Visual Studio Solution File, Format Version 12.00
# Visual Studio 15
VisualStudioVersion = 15.0.27703.2000
MinimumVisualStudioVersion = 10.0.40219.1
Project("{9092AA53-FB77-4645-B42D-1CCCA6BD08BD}") = "globalize-jquery-validate-webpack", "globalize-jquery-validate-webpack.njsproj", "{2696040D-E975-409B-AD05-CFB17767024D}"
EndProject
Global
	GlobalSection(SolutionConfigurationPlatforms) = preSolution
		Debug|Any CPU = Debug|Any CPU
		Release|Any CPU = Release|Any CPU
	EndGlobalSection
	GlobalSection(ProjectConfigurationPlatforms) = postSolution
		{2696040D-E975-409B-AD05-CFB17767024D}.Debug|Any CPU.ActiveCfg = Debug|Any CPU
		{2696040D-E975-409B-AD05-CFB17767024D}.Debug|Any CPU.Build.0 = Debug|Any CPU
		{2696040D-E975-409B-AD05-CFB17767024D}.Release|Any CPU.ActiveCfg = Release|Any CPU
		{2696040D-E975-409B-AD05-CFB17767024D}.Release|Any CPU.Build.0 = Release|Any CPU
	EndGlobalSection
	GlobalSection(SolutionProperties) = preSolution
		HideSolutionNode = FALSE
	EndGlobalSection
	GlobalSection(ExtensibilityGlobals) = postSolution
		SolutionGuid = {696EFF61-11AA-4EF6-B868-A1AD7DEC5603}
	EndGlobalSection
EndGlobal
